
Microsoft Visual Studio Solution File, Format Version 12.00
# Visual Studio Version 17
VisualStudioVersion = 17.12.35527.113 d17.12
MinimumVisualStudioVersion = 10.0.40219.1
Project("{FAE04EC0-301F-11D3-BF4B-00C04F79EFBC}") = "RealtimeInteractiveConsole", "RealtimeInteractiveConsole.csproj", "{C1D57612-6B24-4FD4-8633-94EC10E9B84F}"
EndProject
Project("{FAE04EC0-301F-11D3-BF4B-00C04F79EFBC}") = "DotNetFX48", "..\DotNetFX48\DotNetFX48.csproj", "{4340D13E-C8DA-4EDC-9F82-C6FBA3C4CF84}"
EndProject
Global
	GlobalSection(SolutionConfigurationPlatforms) = preSolution
		Debug|Any CPU = Debug|Any CPU
		Release|Any CPU = Release|Any CPU
	EndGlobalSection
	GlobalSection(ProjectConfigurationPlatforms) = postSolution
		{C1D57612-6B24-4FD4-8633-94EC10E9B84F}.Debug|Any CPU.ActiveCfg = Debug|Any CPU
		{C1D57612-6B24-4FD4-8633-94EC10E9B84F}.Debug|Any CPU.Build.0 = Debug|Any CPU
		{C1D57612-6B24-4FD4-8633-94EC10E9B84F}.Release|Any CPU.ActiveCfg = Release|Any CPU
		{C1D57612-6B24-4FD4-8633-94EC10E9B84F}.Release|Any CPU.Build.0 = Release|Any CPU
		{4340D13E-C8DA-4EDC-9F82-C6FBA3C4CF84}.Debug|Any CPU.ActiveCfg = Debug|Any CPU
		{4340D13E-C8DA-4EDC-9F82-C6FBA3C4CF84}.Debug|Any CPU.Build.0 = Debug|Any CPU
		{4340D13E-C8DA-4EDC-9F82-C6FBA3C4CF84}.Release|Any CPU.ActiveCfg = Release|Any CPU
		{4340D13E-C8DA-4EDC-9F82-C6FBA3C4CF84}.Release|Any CPU.Build.0 = Release|Any CPU
	EndGlobalSection
	GlobalSection(SolutionProperties) = preSolution
		HideSolutionNode = FALSE
	EndGlobalSection
EndGlobal
