
Microsoft Visual Studio Solution File, Format Version 12.00
# Visual Studio Version 17
VisualStudioVersion = 17.12.35527.113
MinimumVisualStudioVersion = 10.0.40219.1
Project("{FAE04EC0-301F-11D3-BF4B-00C04F79EFBC}") = "RealtimeInteractiveConsole", "console-from-mic\RealtimeInteractiveConsole.csproj", "{906C26ED-1FD4-42CB-9BB7-0EC0D4C9EEA4}"
EndProject
Project("{FAE04EC0-301F-11D3-BF4B-00C04F79EFBC}") = "RealtimeInteractiveWPFApp", "RealtimeInteractiveWPFApp\RealtimeInteractiveWPFApp.csproj", "{36BCD53D-B0B1-4E33-BC56-854548B12895}"
EndProject
Global
	GlobalSection(SolutionConfigurationPlatforms) = preSolution
		Debug|Any CPU = Debug|Any CPU
		Release|Any CPU = Release|Any CPU
	EndGlobalSection
	GlobalSection(ProjectConfigurationPlatforms) = postSolution
		{906C26ED-1FD4-42CB-9BB7-0EC0D4C9EEA4}.Debug|Any CPU.ActiveCfg = Debug|Any CPU
		{906C26ED-1FD4-42CB-9BB7-0EC0D4C9EEA4}.Debug|Any CPU.Build.0 = Debug|Any CPU
		{906C26ED-1FD4-42CB-9BB7-0EC0D4C9EEA4}.Release|Any CPU.ActiveCfg = Release|Any CPU
		{906C26ED-1FD4-42CB-9BB7-0EC0D4C9EEA4}.Release|Any CPU.Build.0 = Release|Any CPU
		{36BCD53D-B0B1-4E33-BC56-854548B12895}.Debug|Any CPU.ActiveCfg = Debug|Any CPU
		{36BCD53D-B0B1-4E33-BC56-854548B12895}.Debug|Any CPU.Build.0 = Debug|Any CPU
		{36BCD53D-B0B1-4E33-BC56-854548B12895}.Release|Any CPU.ActiveCfg = Release|Any CPU
		{36BCD53D-B0B1-4E33-BC56-854548B12895}.Release|Any CPU.Build.0 = Release|Any CPU
	EndGlobalSection
	GlobalSection(SolutionProperties) = preSolution
		HideSolutionNode = FALSE
	EndGlobalSection
EndGlobal
